
Microsoft Visual Studio Solution File, Format Version 12.00
# Visual Studio Version 17
VisualStudioVersion = 17.7.34024.191
MinimumVisualStudioVersion = 10.0.40219.1
Project("{FAE04EC0-301F-11D3-BF4B-00C04F79EFBC}") = "BattleshipsTheGame", "BattleshipsTheGame.csproj", "{27F5A0B8-6B64-4698-B89D-EBDFF5A7085F}"
EndProject
Global
	GlobalSection(SolutionConfigurationPlatforms) = preSolution
		Debug|Any CPU = Debug|Any CPU
		Release|Any CPU = Release|Any CPU
	EndGlobalSection
	GlobalSection(ProjectConfigurationPlatforms) = postSolution
		{27F5A0B8-6B64-4698-B89D-EBDFF5A7085F}.Debug|Any CPU.ActiveCfg = Debug|Any CPU
		{27F5A0B8-6B64-4698-B89D-EBDFF5A7085F}.Debug|Any CPU.Build.0 = Debug|Any CPU
		{27F5A0B8-6B64-4698-B89D-EBDFF5A7085F}.Release|Any CPU.ActiveCfg = Release|Any CPU
		{27F5A0B8-6B64-4698-B89D-EBDFF5A7085F}.Release|Any CPU.Build.0 = Release|Any CPU
	EndGlobalSection
	GlobalSection(SolutionProperties) = preSolution
		HideSolutionNode = FALSE
	EndGlobalSection
	GlobalSection(ExtensibilityGlobals) = postSolution
		SolutionGuid = {5088E6E3-EC1E-40E6-9265-F2CDB0398839}
	EndGlobalSection
EndGlobal
